
Microsoft Visual Studio Solution File, Format Version 12.00
# Visual Studio Version 17
VisualStudioVersion = 17.3.32929.385
MinimumVisualStudioVersion = 10.0.40219.1
Project("{FAE04EC0-301F-11D3-BF4B-00C04F79EFBC}") = "milli_park", "milli_park\milli_park.csproj", "{FCED1CA2-0AEB-4B51-AF13-A2EC7391353D}"
EndProject
Global
	GlobalSection(SolutionConfigurationPlatforms) = preSolution
		Debug|Any CPU = Debug|Any CPU
		Release|Any CPU = Release|Any CPU
	EndGlobalSection
	GlobalSection(ProjectConfigurationPlatforms) = postSolution
		{FCED1CA2-0AEB-4B51-AF13-A2EC7391353D}.Debug|Any CPU.ActiveCfg = Debug|Any CPU
		{FCED1CA2-0AEB-4B51-AF13-A2EC7391353D}.Debug|Any CPU.Build.0 = Debug|Any CPU
		{FCED1CA2-0AEB-4B51-AF13-A2EC7391353D}.Release|Any CPU.ActiveCfg = Release|Any CPU
		{FCED1CA2-0AEB-4B51-AF13-A2EC7391353D}.Release|Any CPU.Build.0 = Release|Any CPU
	EndGlobalSection
	GlobalSection(SolutionProperties) = preSolution
		HideSolutionNode = FALSE
	EndGlobalSection
	GlobalSection(ExtensibilityGlobals) = postSolution
		SolutionGuid = {844759AF-8EC4-4753-8A34-D9432E044685}
	EndGlobalSection
EndGlobal
